# This file is automatically @generated by Cargo.
# It is not intended for manual editing.
version = 3

[[package]]
name = "CursoDesafioRUST_Youtube"
version = "0.1.0"

[[package]]
name = "ProjRustComCargo3"
version = "0.1.0"

[[package]]
name = "ProjetoRustComCargo"
version = "0.1.0"

[[package]]
name = "ProjetoRustComCargo2"
version = "0.1.0"
